
Microsoft Visual Studio Solution File, Format Version 12.00
# Visual Studio Version 17
VisualStudioVersion = 17.10.34916.146
MinimumVisualStudioVersion = 10.0.40219.1
Project("{8BC9CEB8-8B4A-11D0-8D11-00A0C91BC942}") = "Table", "Table\Table.vcxproj", "{49E1C1F5-A6E4-4BD0-9DDD-2A557F56C948}"
EndProject
Project("{8BC9CEB8-8B4A-11D0-8D11-00A0C91BC942}") = "test", "test\test.vcxproj", "{F4B9173E-7437-4C65-9CD5-E1481CB90470}"
EndProject
Global
	GlobalSection(SolutionConfigurationPlatforms) = preSolution
		Debug|x64 = Debug|x64
		Debug|x86 = Debug|x86
		Release|x64 = Release|x64
		Release|x86 = Release|x86
	EndGlobalSection
	GlobalSection(ProjectConfigurationPlatforms) = postSolution
		{49E1C1F5-A6E4-4BD0-9DDD-2A557F56C948}.Debug|x64.ActiveCfg = Debug|x64
		{49E1C1F5-A6E4-4BD0-9DDD-2A557F56C948}.Debug|x64.Build.0 = Debug|x64
		{49E1C1F5-A6E4-4BD0-9DDD-2A557F56C948}.Debug|x86.ActiveCfg = Debug|Win32
		{49E1C1F5-A6E4-4BD0-9DDD-2A557F56C948}.Debug|x86.Build.0 = Debug|Win32
		{49E1C1F5-A6E4-4BD0-9DDD-2A557F56C948}.Release|x64.ActiveCfg = Release|x64
		{49E1C1F5-A6E4-4BD0-9DDD-2A557F56C948}.Release|x64.Build.0 = Release|x64
		{49E1C1F5-A6E4-4BD0-9DDD-2A557F56C948}.Release|x86.ActiveCfg = Release|Win32
		{49E1C1F5-A6E4-4BD0-9DDD-2A557F56C948}.Release|x86.Build.0 = Release|Win32
		{F4B9173E-7437-4C65-9CD5-E1481CB90470}.Debug|x64.ActiveCfg = Debug|x64
		{F4B9173E-7437-4C65-9CD5-E1481CB90470}.Debug|x64.Build.0 = Debug|x64
		{F4B9173E-7437-4C65-9CD5-E1481CB90470}.Debug|x86.ActiveCfg = Debug|Win32
		{F4B9173E-7437-4C65-9CD5-E1481CB90470}.Debug|x86.Build.0 = Debug|Win32
		{F4B9173E-7437-4C65-9CD5-E1481CB90470}.Release|x64.ActiveCfg = Release|x64
		{F4B9173E-7437-4C65-9CD5-E1481CB90470}.Release|x64.Build.0 = Release|x64
		{F4B9173E-7437-4C65-9CD5-E1481CB90470}.Release|x86.ActiveCfg = Release|Win32
		{F4B9173E-7437-4C65-9CD5-E1481CB90470}.Release|x86.Build.0 = Release|Win32
	EndGlobalSection
	GlobalSection(SolutionProperties) = preSolution
		HideSolutionNode = FALSE
	EndGlobalSection
	GlobalSection(ExtensibilityGlobals) = postSolution
		SolutionGuid = {7D3225F0-A93D-45A8-B8E9-AA631F017179}
	EndGlobalSection
EndGlobal
